
Microsoft Visual Studio Solution File, Format Version 12.00
# Visual Studio Version 16
VisualStudioVersion = 16.0.29920.165
MinimumVisualStudioVersion = 10.0.40219.1
Project("{9A19103F-16F7-4668-BE54-9A1E7A4F7556}") = "CursoMVC", "CursoMVC\CursoMVC.csproj", "{5040BA5A-334E-4672-8AEC-6270A5D8FD15}"
EndProject
Project("{9A19103F-16F7-4668-BE54-9A1E7A4F7556}") = "CursoAPI", "CursoAPI\CursoAPI.csproj", "{AE285851-CF0E-475E-AC7E-ED204423DBC6}"
EndProject
Project("{FAE04EC0-301F-11D3-BF4B-00C04F79EFBC}") = "CursoTest", "CursoTest\CursoTest.csproj", "{FDDE609B-E2CA-40E3-8DFB-4DA0CA5E3DCB}"
EndProject
Global
	GlobalSection(SolutionConfigurationPlatforms) = preSolution
		Debug|Any CPU = Debug|Any CPU
		Release|Any CPU = Release|Any CPU
	EndGlobalSection
	GlobalSection(ProjectConfigurationPlatforms) = postSolution
		{5040BA5A-334E-4672-8AEC-6270A5D8FD15}.Debug|Any CPU.ActiveCfg = Debug|Any CPU
		{5040BA5A-334E-4672-8AEC-6270A5D8FD15}.Debug|Any CPU.Build.0 = Debug|Any CPU
		{5040BA5A-334E-4672-8AEC-6270A5D8FD15}.Release|Any CPU.ActiveCfg = Release|Any CPU
		{5040BA5A-334E-4672-8AEC-6270A5D8FD15}.Release|Any CPU.Build.0 = Release|Any CPU
		{AE285851-CF0E-475E-AC7E-ED204423DBC6}.Debug|Any CPU.ActiveCfg = Debug|Any CPU
		{AE285851-CF0E-475E-AC7E-ED204423DBC6}.Debug|Any CPU.Build.0 = Debug|Any CPU
		{AE285851-CF0E-475E-AC7E-ED204423DBC6}.Release|Any CPU.ActiveCfg = Release|Any CPU
		{AE285851-CF0E-475E-AC7E-ED204423DBC6}.Release|Any CPU.Build.0 = Release|Any CPU
		{FDDE609B-E2CA-40E3-8DFB-4DA0CA5E3DCB}.Debug|Any CPU.ActiveCfg = Debug|Any CPU
		{FDDE609B-E2CA-40E3-8DFB-4DA0CA5E3DCB}.Debug|Any CPU.Build.0 = Debug|Any CPU
		{FDDE609B-E2CA-40E3-8DFB-4DA0CA5E3DCB}.Release|Any CPU.ActiveCfg = Release|Any CPU
		{FDDE609B-E2CA-40E3-8DFB-4DA0CA5E3DCB}.Release|Any CPU.Build.0 = Release|Any CPU
	EndGlobalSection
	GlobalSection(SolutionProperties) = preSolution
		HideSolutionNode = FALSE
	EndGlobalSection
	GlobalSection(ExtensibilityGlobals) = postSolution
		SolutionGuid = {56A98BB7-E4B7-40E9-8F50-2C18DD18C544}
	EndGlobalSection
EndGlobal
